PODS:
  - CouchbaseLite-Swift (2.8.4)
  - RxSwift (6.2.0)

DEPENDENCIES:
  - CouchbaseLite-Swift
  - RxSwift

SPEC REPOS:
  trunk:
    - CouchbaseLite-Swift
    - RxSwift

SPEC CHECKSUMS:
  CouchbaseLite-Swift: a25971eb557d646359581371e559333a386a5701
  RxSwift: d356ab7bee873611322f134c5f9ef379fa183d8f

PODFILE CHECKSUM: a0559355073131f8630d91085b93f2c48ae39a76

COCOAPODS: 1.10.1
