PODS:
  - CouchbaseLite-Swift (3.2.2)
  - RxSwift (6.5.0)

DEPENDENCIES:
  - CouchbaseLite-Swift (= 3.2.2)
  - RxSwift

SPEC REPOS:
  trunk:
    - CouchbaseLite-Swift
    - RxSwift

SPEC CHECKSUMS:
  CouchbaseLite-Swift: 7e7b9feb205da984fd1fa901f67b84e9155e6787
  RxSwift: 5710a9e6b17f3c3d6e40d6e559b9fa1e813b2ef8

PODFILE CHECKSUM: b17efc2270aea0ce08eca1369c4a499bb8790f08

COCOAPODS: 1.16.2
