PODS:
  - CouchbaseLite-Swift (2.8.1)
  - RxSwift (6.0.0)

DEPENDENCIES:
  - CouchbaseLite-Swift
  - RxSwift

SPEC REPOS:
  trunk:
    - CouchbaseLite-Swift
    - RxSwift

SPEC CHECKSUMS:
  CouchbaseLite-Swift: 57981190bab3f7be4648fae746716306930b07f9
  RxSwift: c14e798c59b9f6e9a2df8fd235602e85cc044295

PODFILE CHECKSUM: a0559355073131f8630d91085b93f2c48ae39a76

COCOAPODS: 1.9.1
