// !$*UTF8*$!
{
	archiveVersion = 1;
	classes = {
	};
	objectVersion = 50;
	objects = {

/* Begin PBXBuildFile section */
		670D525A2311C8F000FA0DB7 /* StringExtensions.swift in Sources */ = {isa = PBXBuildFile; fileRef = 670D52592311C8F000FA0DB7 /* StringExtensions.swift */; };
		6738DBA722AFB62F001E609C /* StorageDoneDatabase.swift in Sources */ = {isa = PBXBuildFile; fileRef = 6738DBA622AFB62F001E609C /* StorageDoneDatabase.swift */; };
		6740B9E422C0FB3B00FDDDA0 /* Queries.swift in Sources */ = {isa = PBXBuildFile; fileRef = 6740B9E322C0FB3B00FDDDA0 /* Queries.swift */; };
		675C6A8223A916EB004B681E /* QueryOption.swift in Sources */ = {isa = PBXBuildFile; fileRef = 675C6A8123A916EB004B681E /* QueryOption.swift */; };
		6762AD9C22AFFAE800830AC8 /* DictionaryExtenions.swift in Sources */ = {isa = PBXBuildFile; fileRef = 6762AD9B22AFFAE800830AC8 /* DictionaryExtenions.swift */; };
		67A5FB0E2316C7040099A681 /* AdvancedQuery.swift in Sources */ = {isa = PBXBuildFile; fileRef = 67A5FB0D2316C7040099A681 /* AdvancedQuery.swift */; };
		67D0331922D3851400BD3A58 /* LiveQuery.swift in Sources */ = {isa = PBXBuildFile; fileRef = 67D0331822D3851400BD3A58 /* LiveQuery.swift */; };
		A39F3407229850ED0086608B /* StorageDone.h in Headers */ = {isa = PBXBuildFile; fileRef = A39F3405229850ED0086608B /* StorageDone.h */; settings = {ATTRIBUTES = (Public, ); }; };
		A39F34172298596C0086608B /* LICENSE in Resources */ = {isa = PBXBuildFile; fileRef = A39F34162298596C0086608B /* LICENSE */; };
		A39F341C229860150086608B /* RxExtensions.swift in Sources */ = {isa = PBXBuildFile; fileRef = A39F3419229860140086608B /* RxExtensions.swift */; };
		A39F341E229860150086608B /* PrimaryKey.swift in Sources */ = {isa = PBXBuildFile; fileRef = A39F3418229860140086608B /* PrimaryKey.swift */; };
		A39F341F229860150086608B /* Operators.swift in Sources */ = {isa = PBXBuildFile; fileRef = A39F341A229860140086608B /* Operators.swift */; };
		BBF81DC8B18C45EAF9768928 /* Pods_StorageDone.framework in Frameworks */ = {isa = PBXBuildFile; fileRef = D8505C67D33317DABA911B8E /* Pods_StorageDone.framework */; };
/* End PBXBuildFile section */

/* Begin PBXFileReference section */
		670D52592311C8F000FA0DB7 /* StringExtensions.swift */ = {isa = PBXFileReference; lastKnownFileType = sourcecode.swift; path = StringExtensions.swift; sourceTree = "<group>"; };
		6738DBA622AFB62F001E609C /* StorageDoneDatabase.swift */ = {isa = PBXFileReference; lastKnownFileType = sourcecode.swift; path = StorageDoneDatabase.swift; sourceTree = "<group>"; };
		6740B9E322C0FB3B00FDDDA0 /* Queries.swift */ = {isa = PBXFileReference; lastKnownFileType = sourcecode.swift; path = Queries.swift; sourceTree = "<group>"; };
		675C6A8123A916EB004B681E /* QueryOption.swift */ = {isa = PBXFileReference; lastKnownFileType = sourcecode.swift; path = QueryOption.swift; sourceTree = "<group>"; };
		6762AD9B22AFFAE800830AC8 /* DictionaryExtenions.swift */ = {isa = PBXFileReference; lastKnownFileType = sourcecode.swift; path = DictionaryExtenions.swift; sourceTree = "<group>"; };
		67A5FB0D2316C7040099A681 /* AdvancedQuery.swift */ = {isa = PBXFileReference; lastKnownFileType = sourcecode.swift; path = AdvancedQuery.swift; sourceTree = "<group>"; };
		67D0331822D3851400BD3A58 /* LiveQuery.swift */ = {isa = PBXFileReference; lastKnownFileType = sourcecode.swift; path = LiveQuery.swift; sourceTree = "<group>"; };
		7D2E141BD39513FBE73599DB /* Pods-StorageDone.debug.xcconfig */ = {isa = PBXFileReference; includeInIndex = 1; lastKnownFileType = text.xcconfig; name = "Pods-StorageDone.debug.xcconfig"; path = "Pods/Target Support Files/Pods-StorageDone/Pods-StorageDone.debug.xcconfig"; sourceTree = "<group>"; };
		A39F3402229850ED0086608B /* StorageDone.framework */ = {isa = PBXFileReference; explicitFileType = wrapper.framework; includeInIndex = 0; path = StorageDone.framework; sourceTree = BUILT_PRODUCTS_DIR; };
		A39F3405229850ED0086608B /* StorageDone.h */ = {isa = PBXFileReference; lastKnownFileType = sourcecode.c.h; path = StorageDone.h; sourceTree = "<group>"; };
		A39F3406229850ED0086608B /* Info.plist */ = {isa = PBXFileReference; lastKnownFileType = text.plist.xml; path = Info.plist; sourceTree = "<group>"; };
		A39F34162298596C0086608B /* LICENSE */ = {isa = PBXFileReference; lastKnownFileType = text; path = LICENSE; sourceTree = "<group>"; };
		A39F3418229860140086608B /* PrimaryKey.swift */ = {isa = PBXFileReference; lastKnownFileType = sourcecode.swift; path = PrimaryKey.swift; sourceTree = "<group>"; };
		A39F3419229860140086608B /* RxExtensions.swift */ = {isa = PBXFileReference; lastKnownFileType = sourcecode.swift; path = RxExtensions.swift; sourceTree = "<group>"; };
		A39F341A229860140086608B /* Operators.swift */ = {isa = PBXFileReference; lastKnownFileType = sourcecode.swift; path = Operators.swift; sourceTree = "<group>"; };
		D8505C67D33317DABA911B8E /* Pods_StorageDone.framework */ = {isa = PBXFileReference; explicitFileType = wrapper.framework; includeInIndex = 0; path = Pods_StorageDone.framework; sourceTree = BUILT_PRODUCTS_DIR; };
		FD8454F1229CF7A037FE039F /* Pods-StorageDone.release.xcconfig */ = {isa = PBXFileReference; includeInIndex = 1; lastKnownFileType = text.xcconfig; name = "Pods-StorageDone.release.xcconfig"; path = "Pods/Target Support Files/Pods-StorageDone/Pods-StorageDone.release.xcconfig"; sourceTree = "<group>"; };
/* End PBXFileReference section */

/* Begin PBXFrameworksBuildPhase section */
		A39F33FF229850ED0086608B /* Frameworks */ = {
			isa = PBXFrameworksBuildPhase;
			buildActionMask = 2147483647;
			files = (
				BBF81DC8B18C45EAF9768928 /* Pods_StorageDone.framework in Frameworks */,
			);
			runOnlyForDeploymentPostprocessing = 0;
		};
/* End PBXFrameworksBuildPhase section */

/* Begin PBXGroup section */
		98057B9DA680ACB97B674B6E /* Pods */ = {
			isa = PBXGroup;
			children = (
				7D2E141BD39513FBE73599DB /* Pods-StorageDone.debug.xcconfig */,
				FD8454F1229CF7A037FE039F /* Pods-StorageDone.release.xcconfig */,
			);
			name = Pods;
			sourceTree = "<group>";
		};
		A39F33F8229850ED0086608B = {
			isa = PBXGroup;
			children = (
				A39F34162298596C0086608B /* LICENSE */,
				A39F3404229850ED0086608B /* StorageDone */,
				A39F3403229850ED0086608B /* Products */,
				98057B9DA680ACB97B674B6E /* Pods */,
				F4AC59631EE62C1D3631426C /* Frameworks */,
			);
			sourceTree = "<group>";
		};
		A39F3403229850ED0086608B /* Products */ = {
			isa = PBXGroup;
			children = (
				A39F3402229850ED0086608B /* StorageDone.framework */,
			);
			name = Products;
			sourceTree = "<group>";
		};
		A39F3404229850ED0086608B /* StorageDone */ = {
			isa = PBXGroup;
			children = (
				A39F341A229860140086608B /* Operators.swift */,
				A39F3418229860140086608B /* PrimaryKey.swift */,
				A39F3419229860140086608B /* RxExtensions.swift */,
				A39F3405229850ED0086608B /* StorageDone.h */,
				A39F3406229850ED0086608B /* Info.plist */,
				6738DBA622AFB62F001E609C /* StorageDoneDatabase.swift */,
				6762AD9B22AFFAE800830AC8 /* DictionaryExtenions.swift */,
				6740B9E322C0FB3B00FDDDA0 /* Queries.swift */,
				67D0331822D3851400BD3A58 /* LiveQuery.swift */,
				670D52592311C8F000FA0DB7 /* StringExtensions.swift */,
				67A5FB0D2316C7040099A681 /* AdvancedQuery.swift */,
				675C6A8123A916EB004B681E /* QueryOption.swift */,
			);
			path = StorageDone;
			sourceTree = "<group>";
		};
		F4AC59631EE62C1D3631426C /* Frameworks */ = {
			isa = PBXGroup;
			children = (
				D8505C67D33317DABA911B8E /* Pods_StorageDone.framework */,
			);
			name = Frameworks;
			sourceTree = "<group>";
		};
/* End PBXGroup section */

/* Begin PBXHeadersBuildPhase section */
		A39F33FD229850ED0086608B /* Headers */ = {
			isa = PBXHeadersBuildPhase;
			buildActionMask = 2147483647;
			files = (
				A39F3407229850ED0086608B /* StorageDone.h in Headers */,
			);
			runOnlyForDeploymentPostprocessing = 0;
		};
/* End PBXHeadersBuildPhase section */

/* Begin PBXNativeTarget section */
		A39F3401229850ED0086608B /* StorageDone */ = {
			isa = PBXNativeTarget;
			buildConfigurationList = A39F340A229850ED0086608B /* Build configuration list for PBXNativeTarget "StorageDone" */;
			buildPhases = (
				588E1A05F2D0310F430A5D01 /* [CP] Check Pods Manifest.lock */,
				A39F33FD229850ED0086608B /* Headers */,
				A39F33FE229850ED0086608B /* Sources */,
				A39F33FF229850ED0086608B /* Frameworks */,
				A39F3400229850ED0086608B /* Resources */,
			);
			buildRules = (
			);
			dependencies = (
			);
			name = StorageDone;
			productName = StorageDone;
			productReference = A39F3402229850ED0086608B /* StorageDone.framework */;
			productType = "com.apple.product-type.framework";
		};
/* End PBXNativeTarget section */

/* Begin PBXProject section */
		A39F33F9229850ED0086608B /* Project object */ = {
			isa = PBXProject;
			attributes = {
				LastUpgradeCheck = 1020;
				ORGANIZATIONNAME = "Dario Pellegrini";
				TargetAttributes = {
					A39F3401229850ED0086608B = {
						CreatedOnToolsVersion = 10.2.1;
						LastSwiftMigration = 1020;
					};
				};
			};
			buildConfigurationList = A39F33FC229850ED0086608B /* Build configuration list for PBXProject "StorageDone" */;
			compatibilityVersion = "Xcode 9.3";
			developmentRegion = en;
			hasScannedForEncodings = 0;
			knownRegions = (
				en,
			);
			mainGroup = A39F33F8229850ED0086608B;
			productRefGroup = A39F3403229850ED0086608B /* Products */;
			projectDirPath = "";
			projectRoot = "";
			targets = (
				A39F3401229850ED0086608B /* StorageDone */,
			);
		};
/* End PBXProject section */

/* Begin PBXResourcesBuildPhase section */
		A39F3400229850ED0086608B /* Resources */ = {
			isa = PBXResourcesBuildPhase;
			buildActionMask = 2147483647;
			files = (
				A39F34172298596C0086608B /* LICENSE in Resources */,
			);
			runOnlyForDeploymentPostprocessing = 0;
		};
/* End PBXResourcesBuildPhase section */

/* Begin PBXShellScriptBuildPhase section */
		588E1A05F2D0310F430A5D01 /* [CP] Check Pods Manifest.lock */ = {
			isa = PBXShellScriptBuildPhase;
			buildActionMask = 2147483647;
			files = (
			);
			inputPaths = (
				"${PODS_PODFILE_DIR_PATH}/Podfile.lock",
				"${PODS_ROOT}/Manifest.lock",
			);
			name = "[CP] Check Pods Manifest.lock";
			outputPaths = (
				"$(DERIVED_FILE_DIR)/Pods-StorageDone-checkManifestLockResult.txt",
			);
			runOnlyForDeploymentPostprocessing = 0;
			shellPath = /bin/sh;
			shellScript = "diff \"${PODS_PODFILE_DIR_PATH}/Podfile.lock\" \"${PODS_ROOT}/Manifest.lock\" > /dev/null\nif [ $? != 0 ] ; then\n    # print error to STDERR\n    echo \"error: The sandbox is not in sync with the Podfile.lock. Run 'pod install' or update your CocoaPods installation.\" >&2\n    exit 1\nfi\n# This output is used by Xcode 'outputs' to avoid re-running this script phase.\necho \"SUCCESS\" > \"${SCRIPT_OUTPUT_FILE_0}\"\n";
			showEnvVarsInLog = 0;
		};
/* End PBXShellScriptBuildPhase section */

/* Begin PBXSourcesBuildPhase section */
		A39F33FE229850ED0086608B /* Sources */ = {
			isa = PBXSourcesBuildPhase;
			buildActionMask = 2147483647;
			files = (
				67D0331922D3851400BD3A58 /* LiveQuery.swift in Sources */,
				6762AD9C22AFFAE800830AC8 /* DictionaryExtenions.swift in Sources */,
				6738DBA722AFB62F001E609C /* StorageDoneDatabase.swift in Sources */,
				675C6A8223A916EB004B681E /* QueryOption.swift in Sources */,
				6740B9E422C0FB3B00FDDDA0 /* Queries.swift in Sources */,
				67A5FB0E2316C7040099A681 /* AdvancedQuery.swift in Sources */,
				670D525A2311C8F000FA0DB7 /* StringExtensions.swift in Sources */,
				A39F341F229860150086608B /* Operators.swift in Sources */,
				A39F341C229860150086608B /* RxExtensions.swift in Sources */,
				A39F341E229860150086608B /* PrimaryKey.swift in Sources */,
			);
			runOnlyForDeploymentPostprocessing = 0;
		};
/* End PBXSourcesBuildPhase section */

/* Begin XCBuildConfiguration section */
		A39F3408229850ED0086608B /* Debug */ = {
			isa = XCBuildConfiguration;
			buildSettings = {
				ALWAYS_SEARCH_USER_PATHS = NO;
				CLANG_ANALYZER_NONNULL = YES;
				CLANG_ANALYZER_NUMBER_OBJECT_CONVERSION = YES_AGGRESSIVE;
				CLANG_CXX_LANGUAGE_STANDARD = "gnu++14";
				CLANG_CXX_LIBRARY = "libc++";
				CLANG_ENABLE_MODULES = YES;
				CLANG_ENABLE_OBJC_ARC = YES;
				CLANG_ENABLE_OBJC_WEAK = YES;
				CLANG_WARN_BLOCK_CAPTURE_AUTORELEASING = YES;
				CLANG_WARN_BOOL_CONVERSION = YES;
				CLANG_WARN_COMMA = YES;
				CLANG_WARN_CONSTANT_CONVERSION = YES;
				CLANG_WARN_DEPRECATED_OBJC_IMPLEMENTATIONS = YES;
				CLANG_WARN_DIRECT_OBJC_ISA_USAGE = YES_ERROR;
				CLANG_WARN_DOCUMENTATION_COMMENTS = YES;
				CLANG_WARN_EMPTY_BODY = YES;
				CLANG_WARN_ENUM_CONVERSION = YES;
				CLANG_WARN_INFINITE_RECURSION = YES;
				CLANG_WARN_INT_CONVERSION = YES;
				CLANG_WARN_NON_LITERAL_NULL_CONVERSION = YES;
				CLANG_WARN_OBJC_IMPLICIT_RETAIN_SELF = YES;
				CLANG_WARN_OBJC_LITERAL_CONVERSION = YES;
				CLANG_WARN_OBJC_ROOT_CLASS = YES_ERROR;
				CLANG_WARN_RANGE_LOOP_ANALYSIS = YES;
				CLANG_WARN_STRICT_PROTOTYPES = YES;
				CLANG_WARN_SUSPICIOUS_MOVE = YES;
				CLANG_WARN_UNGUARDED_AVAILABILITY = YES_AGGRESSIVE;
				CLANG_WARN_UNREACHABLE_CODE = YES;
				CLANG_WARN__DUPLICATE_METHOD_MATCH = YES;
				CODE_SIGN_IDENTITY = "iPhone Developer";
				COPY_PHASE_STRIP = NO;
				CURRENT_PROJECT_VERSION = 1;
				DEBUG_INFORMATION_FORMAT = dwarf;
				ENABLE_STRICT_OBJC_MSGSEND = YES;
				ENABLE_TESTABILITY = YES;
				GCC_C_LANGUAGE_STANDARD = gnu11;
				GCC_DYNAMIC_NO_PIC = NO;
				GCC_NO_COMMON_BLOCKS = YES;
				GCC_OPTIMIZATION_LEVEL = 0;
				GCC_PREPROCESSOR_DEFINITIONS = (
					"DEBUG=1",
					"$(inherited)",
				);
				GCC_WARN_64_TO_32_BIT_CONVERSION = YES;
				GCC_WARN_ABOUT_RETURN_TYPE = YES_ERROR;
				GCC_WARN_UNDECLARED_SELECTOR = YES;
				GCC_WARN_UNINITIALIZED_AUTOS = YES_AGGRESSIVE;
				GCC_WARN_UNUSED_FUNCTION = YES;
				GCC_WARN_UNUSED_VARIABLE = YES;
				IPHONEOS_DEPLOYMENT_TARGET = 12.2;
				MTL_ENABLE_DEBUG_INFO = INCLUDE_SOURCE;
				MTL_FAST_MATH = YES;
				ONLY_ACTIVE_ARCH = YES;
				SDKROOT = iphoneos;
				SWIFT_ACTIVE_COMPILATION_CONDITIONS = DEBUG;
				SWIFT_OPTIMIZATION_LEVEL = "-Onone";
				VERSIONING_SYSTEM = "apple-generic";
				VERSION_INFO_PREFIX = "";
			};
			name = Debug;
		};
		A39F3409229850ED0086608B /* Release */ = {
			isa = XCBuildConfiguration;
			buildSettings = {
				ALWAYS_SEARCH_USER_PATHS = NO;
				CLANG_ANALYZER_NONNULL = YES;
				CLANG_ANALYZER_NUMBER_OBJECT_CONVERSION = YES_AGGRESSIVE;
				CLANG_CXX_LANGUAGE_STANDARD = "gnu++14";
				CLANG_CXX_LIBRARY = "libc++";
				CLANG_ENABLE_MODULES = YES;
				CLANG_ENABLE_OBJC_ARC = YES;
				CLANG_ENABLE_OBJC_WEAK = YES;
				CLANG_WARN_BLOCK_CAPTURE_AUTORELEASING = YES;
				CLANG_WARN_BOOL_CONVERSION = YES;
				CLANG_WARN_COMMA = YES;
				CLANG_WARN_CONSTANT_CONVERSION = YES;
				CLANG_WARN_DEPRECATED_OBJC_IMPLEMENTATIONS = YES;
				CLANG_WARN_DIRECT_OBJC_ISA_USAGE = YES_ERROR;
				CLANG_WARN_DOCUMENTATION_COMMENTS = YES;
				CLANG_WARN_EMPTY_BODY = YES;
				CLANG_WARN_ENUM_CONVERSION = YES;
				CLANG_WARN_INFINITE_RECURSION = YES;
				CLANG_WARN_INT_CONVERSION = YES;
				CLANG_WARN_NON_LITERAL_NULL_CONVERSION = YES;
				CLANG_WARN_OBJC_IMPLICIT_RETAIN_SELF = YES;
				CLANG_WARN_OBJC_LITERAL_CONVERSION = YES;
				CLANG_WARN_OBJC_ROOT_CLASS = YES_ERROR;
				CLANG_WARN_RANGE_LOOP_ANALYSIS = YES;
				CLANG_WARN_STRICT_PROTOTYPES = YES;
				CLANG_WARN_SUSPICIOUS_MOVE = YES;
				CLANG_WARN_UNGUARDED_AVAILABILITY = YES_AGGRESSIVE;
				CLANG_WARN_UNREACHABLE_CODE = YES;
				CLANG_WARN__DUPLICATE_METHOD_MATCH = YES;
				CODE_SIGN_IDENTITY = "iPhone Developer";
				COPY_PHASE_STRIP = NO;
				CURRENT_PROJECT_VERSION = 1;
				DEBUG_INFORMATION_FORMAT = "dwarf-with-dsym";
				ENABLE_NS_ASSERTIONS = NO;
				ENABLE_STRICT_OBJC_MSGSEND = YES;
				GCC_C_LANGUAGE_STANDARD = gnu11;
				GCC_NO_COMMON_BLOCKS = YES;
				GCC_WARN_64_TO_32_BIT_CONVERSION = YES;
				GCC_WARN_ABOUT_RETURN_TYPE = YES_ERROR;
				GCC_WARN_UNDECLARED_SELECTOR = YES;
				GCC_WARN_UNINITIALIZED_AUTOS = YES_AGGRESSIVE;
				GCC_WARN_UNUSED_FUNCTION = YES;
				GCC_WARN_UNUSED_VARIABLE = YES;
				IPHONEOS_DEPLOYMENT_TARGET = 12.2;
				MTL_ENABLE_DEBUG_INFO = NO;
				MTL_FAST_MATH = YES;
				SDKROOT = iphoneos;
				SWIFT_COMPILATION_MODE = wholemodule;
				SWIFT_OPTIMIZATION_LEVEL = "-O";
				VALIDATE_PRODUCT = YES;
				VERSIONING_SYSTEM = "apple-generic";
				VERSION_INFO_PREFIX = "";
			};
			name = Release;
		};
		A39F340B229850ED0086608B /* Debug */ = {
			isa = XCBuildConfiguration;
			baseConfigurationReference = 7D2E141BD39513FBE73599DB /* Pods-StorageDone.debug.xcconfig */;
			buildSettings = {
				CLANG_ENABLE_MODULES = YES;
				CODE_SIGN_IDENTITY = "iPhone Developer";
				CODE_SIGN_STYLE = Automatic;
				DEFINES_MODULE = YES;
				DEVELOPMENT_TEAM = SDK36A53QL;
				DYLIB_COMPATIBILITY_VERSION = 1;
				DYLIB_CURRENT_VERSION = 1;
				DYLIB_INSTALL_NAME_BASE = "@rpath";
				INFOPLIST_FILE = StorageDone/Info.plist;
				INSTALL_PATH = "$(LOCAL_LIBRARY_DIR)/Frameworks";
				LD_RUNPATH_SEARCH_PATHS = (
					"$(inherited)",
					"@executable_path/Frameworks",
					"@loader_path/Frameworks",
				);
				MARKETING_VERSION = 0.9;
				PRODUCT_BUNDLE_IDENTIFIER = dariopellegrini.StorageDone;
				PRODUCT_NAME = "$(TARGET_NAME:c99extidentifier)";
				SKIP_INSTALL = YES;
				SWIFT_OPTIMIZATION_LEVEL = "-Onone";
				SWIFT_VERSION = 5.0;
				TARGETED_DEVICE_FAMILY = "1,2";
			};
			name = Debug;
		};
		A39F340C229850ED0086608B /* Release */ = {
			isa = XCBuildConfiguration;
			baseConfigurationReference = FD8454F1229CF7A037FE039F /* Pods-StorageDone.release.xcconfig */;
			buildSettings = {
				CLANG_ENABLE_MODULES = YES;
				CODE_SIGN_IDENTITY = "";
				CODE_SIGN_STYLE = Automatic;
				DEFINES_MODULE = YES;
				DEVELOPMENT_TEAM = SDK36A53QL;
				DYLIB_COMPATIBILITY_VERSION = 1;
				DYLIB_CURRENT_VERSION = 1;
				DYLIB_INSTALL_NAME_BASE = "@rpath";
				INFOPLIST_FILE = StorageDone/Info.plist;
				INSTALL_PATH = "$(LOCAL_LIBRARY_DIR)/Frameworks";
				LD_RUNPATH_SEARCH_PATHS = (
					"$(inherited)",
					"@executable_path/Frameworks",
					"@loader_path/Frameworks",
				);
				MARKETING_VERSION = 0.9;
				PRODUCT_BUNDLE_IDENTIFIER = dariopellegrini.StorageDone;
				PRODUCT_NAME = "$(TARGET_NAME:c99extidentifier)";
				SKIP_INSTALL = YES;
				SWIFT_VERSION = 5.0;
				TARGETED_DEVICE_FAMILY = "1,2";
			};
			name = Release;
		};
/* End XCBuildConfiguration section */

/* Begin XCConfigurationList section */
		A39F33FC229850ED0086608B /* Build configuration list for PBXProject "StorageDone" */ = {
			isa = XCConfigurationList;
			buildConfigurations = (
				A39F3408229850ED0086608B /* Debug */,
				A39F3409229850ED0086608B /* Release */,
			);
			defaultConfigurationIsVisible = 0;
			defaultConfigurationName = Release;
		};
		A39F340A229850ED0086608B /* Build configuration list for PBXNativeTarget "StorageDone" */ = {
			isa = XCConfigurationList;
			buildConfigurations = (
				A39F340B229850ED0086608B /* Debug */,
				A39F340C229850ED0086608B /* Release */,
			);
			defaultConfigurationIsVisible = 0;
			defaultConfigurationName = Release;
		};
/* End XCConfigurationList section */
	};
	rootObject = A39F33F9229850ED0086608B /* Project object */;
}
